
Microsoft Visual Studio Solution File, Format Version 12.00
# Visual Studio Version 17
VisualStudioVersion = 17.7.34009.444
MinimumVisualStudioVersion = 10.0.40219.1
Project("{FAE04EC0-301F-11D3-BF4B-00C04F79EFBC}") = "OpenXml-Demo", "OpenXml-Demo\OpenXml-Demo.csproj", "{B169E650-2127-4A68-9A05-3AF1E5455253}"
EndProject
Project("{FAE04EC0-301F-11D3-BF4B-00C04F79EFBC}") = "OpenXml-Excel", "OpenXml-Excel\OpenXml-Excel.csproj", "{827BBC52-41FE-4A90-B816-87055110EB17}"
EndProject
Project("{FAE04EC0-301F-11D3-BF4B-00C04F79EFBC}") = "UnitTest", "UnitTest\UnitTest.csproj", "{02796334-8940-452C-A997-699EE8D3F1BE}"
EndProject
Global
	GlobalSection(SolutionConfigurationPlatforms) = preSolution
		Debug|Any CPU = Debug|Any CPU
		Release|Any CPU = Release|Any CPU
	EndGlobalSection
	GlobalSection(ProjectConfigurationPlatforms) = postSolution
		{B169E650-2127-4A68-9A05-3AF1E5455253}.Debug|Any CPU.ActiveCfg = Debug|Any CPU
		{B169E650-2127-4A68-9A05-3AF1E5455253}.Debug|Any CPU.Build.0 = Debug|Any CPU
		{B169E650-2127-4A68-9A05-3AF1E5455253}.Release|Any CPU.ActiveCfg = Release|Any CPU
		{B169E650-2127-4A68-9A05-3AF1E5455253}.Release|Any CPU.Build.0 = Release|Any CPU
		{827BBC52-41FE-4A90-B816-87055110EB17}.Debug|Any CPU.ActiveCfg = Debug|Any CPU
		{827BBC52-41FE-4A90-B816-87055110EB17}.Debug|Any CPU.Build.0 = Debug|Any CPU
		{827BBC52-41FE-4A90-B816-87055110EB17}.Release|Any CPU.ActiveCfg = Release|Any CPU
		{827BBC52-41FE-4A90-B816-87055110EB17}.Release|Any CPU.Build.0 = Release|Any CPU
		{02796334-8940-452C-A997-699EE8D3F1BE}.Debug|Any CPU.ActiveCfg = Debug|Any CPU
		{02796334-8940-452C-A997-699EE8D3F1BE}.Debug|Any CPU.Build.0 = Debug|Any CPU
		{02796334-8940-452C-A997-699EE8D3F1BE}.Release|Any CPU.ActiveCfg = Release|Any CPU
		{02796334-8940-452C-A997-699EE8D3F1BE}.Release|Any CPU.Build.0 = Release|Any CPU
	EndGlobalSection
	GlobalSection(SolutionProperties) = preSolution
		HideSolutionNode = FALSE
	EndGlobalSection
	GlobalSection(ExtensibilityGlobals) = postSolution
		SolutionGuid = {2C0B9826-F758-4C9B-AC92-8C5209CF2F83}
	EndGlobalSection
EndGlobal
